// !$*UTF8*$!
{
	archiveVersion = 1;
	classes = {
	};
	objectVersion = 48;
	objects = {

/* Begin PBXBuildFile section */
		9C06D9CA20AED9A800A9CDE8 /* AppDelegate.swift in Sources */ = {isa = PBXBuildFile; fileRef = 9C06D9C920AED9A800A9CDE8 /* AppDelegate.swift */; };
		9C06D9CC20AED9A800A9CDE8 /* ViewController.swift in Sources */ = {isa = PBXBuildFile; fileRef = 9C06D9CB20AED9A800A9CDE8 /* ViewController.swift */; };
		9C06D9CF20AED9A800A9CDE8 /* Main.storyboard in Resources */ = {isa = PBXBuildFile; fileRef = 9C06D9CD20AED9A800A9CDE8 /* Main.storyboard */; };
		9C06D9D220AED9A800A9CDE8 /* CoreDataSample.xcdatamodeld in Sources */ = {isa = PBXBuildFile; fileRef = 9C06D9D020AED9A800A9CDE8 /* CoreDataSample.xcdatamodeld */; };
		9C06D9D420AED9A800A9CDE8 /* Assets.xcassets in Resources */ = {isa = PBXBuildFile; fileRef = 9C06D9D320AED9A800A9CDE8 /* Assets.xcassets */; };
		9C06D9D720AED9A800A9CDE8 /* LaunchScreen.storyboard in Resources */ = {isa = PBXBuildFile; fileRef = 9C06D9D520AED9A800A9CDE8 /* LaunchScreen.storyboard */; };
		9C06D9E220AED9A900A9CDE8 /* CoreDataSampleTests.swift in Sources */ = {isa = PBXBuildFile; fileRef = 9C06D9E120AED9A900A9CDE8 /* CoreDataSampleTests.swift */; };
		9C06D9ED20AED9A900A9CDE8 /* CoreDataSampleUITests.swift in Sources */ = {isa = PBXBuildFile; fileRef = 9C06D9EC20AED9A900A9CDE8 /* CoreDataSampleUITests.swift */; };
		9C06D9FB20AEDB3700A9CDE8 /* AddEmpViewController.swift in Sources */ = {isa = PBXBuildFile; fileRef = 9C06D9FA20AEDB3700A9CDE8 /* AddEmpViewController.swift */; };
		9C06D9FD20AEDF7D00A9CDE8 /* EmployeeCell.swift in Sources */ = {isa = PBXBuildFile; fileRef = 9C06D9FC20AEDF7D00A9CDE8 /* EmployeeCell.swift */; };
/* End PBXBuildFile section */

/* Begin PBXContainerItemProxy section */
		9C06D9DE20AED9A800A9CDE8 /* PBXContainerItemProxy */ = {
			isa = PBXContainerItemProxy;
			containerPortal = 9C06D9BE20AED9A800A9CDE8 /* Project object */;
			proxyType = 1;
			remoteGlobalIDString = 9C06D9C520AED9A800A9CDE8;
			remoteInfo = CoreDataSample;
		};
		9C06D9E920AED9A900A9CDE8 /* PBXContainerItemProxy */ = {
			isa = PBXContainerItemProxy;
			containerPortal = 9C06D9BE20AED9A800A9CDE8 /* Project object */;
			proxyType = 1;
			remoteGlobalIDString = 9C06D9C520AED9A800A9CDE8;
			remoteInfo = CoreDataSample;
		};
/* End PBXContainerItemProxy section */

/* Begin PBXFileReference section */
		9C06D9C620AED9A800A9CDE8 /* CoreDataSample.app */ = {isa = PBXFileReference; explicitFileType = wrapper.application; includeInIndex = 0; path = CoreDataSample.app; sourceTree = BUILT_PRODUCTS_DIR; };
		9C06D9C920AED9A800A9CDE8 /* AppDelegate.swift */ = {isa = PBXFileReference; lastKnownFileType = sourcecode.swift; path = AppDelegate.swift; sourceTree = "<group>"; };
		9C06D9CB20AED9A800A9CDE8 /* ViewController.swift */ = {isa = PBXFileReference; lastKnownFileType = sourcecode.swift; path = ViewController.swift; sourceTree = "<group>"; };
		9C06D9CE20AED9A800A9CDE8 /* Base */ = {isa = PBXFileReference; lastKnownFileType = file.storyboard; name = Base; path = Base.lproj/Main.storyboard; sourceTree = "<group>"; };
		9C06D9D120AED9A800A9CDE8 /* CoreDataSample.xcdatamodel */ = {isa = PBXFileReference; lastKnownFileType = wrapper.xcdatamodel; path = CoreDataSample.xcdatamodel; sourceTree = "<group>"; };
		9C06D9D320AED9A800A9CDE8 /* Assets.xcassets */ = {isa = PBXFileReference; lastKnownFileType = folder.assetcatalog; path = Assets.xcassets; sourceTree = "<group>"; };
		9C06D9D620AED9A800A9CDE8 /* Base */ = {isa = PBXFileReference; lastKnownFileType = file.storyboard; name = Base; path = Base.lproj/LaunchScreen.storyboard; sourceTree = "<group>"; };
		9C06D9D820AED9A800A9CDE8 /* Info.plist */ = {isa = PBXFileReference; lastKnownFileType = text.plist.xml; path = Info.plist; sourceTree = "<group>"; };
		9C06D9DD20AED9A800A9CDE8 /* CoreDataSampleTests.xctest */ = {isa = PBXFileReference; explicitFileType = wrapper.cfbundle; includeInIndex = 0; path = CoreDataSampleTests.xctest; sourceTree = BUILT_PRODUCTS_DIR; };
		9C06D9E120AED9A900A9CDE8 /* CoreDataSampleTests.swift */ = {isa = PBXFileReference; lastKnownFileType = sourcecode.swift; path = CoreDataSampleTests.swift; sourceTree = "<group>"; };
		9C06D9E320AED9A900A9CDE8 /* Info.plist */ = {isa = PBXFileReference; lastKnownFileType = text.plist.xml; path = Info.plist; sourceTree = "<group>"; };
		9C06D9E820AED9A900A9CDE8 /* CoreDataSampleUITests.xctest */ = {isa = PBXFileReference; explicitFileType = wrapper.cfbundle; includeInIndex = 0; path = CoreDataSampleUITests.xctest; sourceTree = BUILT_PRODUCTS_DIR; };
		9C06D9EC20AED9A900A9CDE8 /* CoreDataSampleUITests.swift */ = {isa = PBXFileReference; lastKnownFileType = sourcecode.swift; path = CoreDataSampleUITests.swift; sourceTree = "<group>"; };
		9C06D9EE20AED9A900A9CDE8 /* Info.plist */ = {isa = PBXFileReference; lastKnownFileType = text.plist.xml; path = Info.plist; sourceTree = "<group>"; };
		9C06D9FA20AEDB3700A9CDE8 /* AddEmpViewController.swift */ = {isa = PBXFileReference; lastKnownFileType = sourcecode.swift; path = AddEmpViewController.swift; sourceTree = "<group>"; };
		9C06D9FC20AEDF7D00A9CDE8 /* EmployeeCell.swift */ = {isa = PBXFileReference; lastKnownFileType = sourcecode.swift; path = EmployeeCell.swift; sourceTree = "<group>"; };
/* End PBXFileReference section */

/* Begin PBXFrameworksBuildPhase section */
		9C06D9C320AED9A800A9CDE8 /* Frameworks */ = {
			isa = PBXFrameworksBuildPhase;
			buildActionMask = 2147483647;
			files = (
			);
			runOnlyForDeploymentPostprocessing = 0;
		};
		9C06D9DA20AED9A800A9CDE8 /* Frameworks */ = {
			isa = PBXFrameworksBuildPhase;
			buildActionMask = 2147483647;
			files = (
			);
			runOnlyForDeploymentPostprocessing = 0;
		};
		9C06D9E520AED9A900A9CDE8 /* Frameworks */ = {
			isa = PBXFrameworksBuildPhase;
			buildActionMask = 2147483647;
			files = (
			);
			runOnlyForDeploymentPostprocessing = 0;
		};
/* End PBXFrameworksBuildPhase section */

/* Begin PBXGroup section */
		9C06D9BD20AED9A800A9CDE8 = {
			isa = PBXGroup;
			children = (
				9C06D9C820AED9A800A9CDE8 /* CoreDataSample */,
				9C06D9E020AED9A900A9CDE8 /* CoreDataSampleTests */,
				9C06D9EB20AED9A900A9CDE8 /* CoreDataSampleUITests */,
				9C06D9C720AED9A800A9CDE8 /* Products */,
			);
			sourceTree = "<group>";
		};
		9C06D9C720AED9A800A9CDE8 /* Products */ = {
			isa = PBXGroup;
			children = (
				9C06D9C620AED9A800A9CDE8 /* CoreDataSample.app */,
				9C06D9DD20AED9A800A9CDE8 /* CoreDataSampleTests.xctest */,
				9C06D9E820AED9A900A9CDE8 /* CoreDataSampleUITests.xctest */,
			);
			name = Products;
			sourceTree = "<group>";
		};
		9C06D9C820AED9A800A9CDE8 /* CoreDataSample */ = {
			isa = PBXGroup;
			children = (
				9C06D9C920AED9A800A9CDE8 /* AppDelegate.swift */,
				9C06D9CB20AED9A800A9CDE8 /* ViewController.swift */,
				9C06D9FC20AEDF7D00A9CDE8 /* EmployeeCell.swift */,
				9C06D9FA20AEDB3700A9CDE8 /* AddEmpViewController.swift */,
				9C06D9CD20AED9A800A9CDE8 /* Main.storyboard */,
				9C06D9D320AED9A800A9CDE8 /* Assets.xcassets */,
				9C06D9D520AED9A800A9CDE8 /* LaunchScreen.storyboard */,
				9C06D9D820AED9A800A9CDE8 /* Info.plist */,
				9C06D9D020AED9A800A9CDE8 /* CoreDataSample.xcdatamodeld */,
			);
			path = CoreDataSample;
			sourceTree = "<group>";
		};
		9C06D9E020AED9A900A9CDE8 /* CoreDataSampleTests */ = {
			isa = PBXGroup;
			children = (
				9C06D9E120AED9A900A9CDE8 /* CoreDataSampleTests.swift */,
				9C06D9E320AED9A900A9CDE8 /* Info.plist */,
			);
			path = CoreDataSampleTests;
			sourceTree = "<group>";
		};
		9C06D9EB20AED9A900A9CDE8 /* CoreDataSampleUITests */ = {
			isa = PBXGroup;
			children = (
				9C06D9EC20AED9A900A9CDE8 /* CoreDataSampleUITests.swift */,
				9C06D9EE20AED9A900A9CDE8 /* Info.plist */,
			);
			path = CoreDataSampleUITests;
			sourceTree = "<group>";
		};
/* End PBXGroup section */

/* Begin PBXNativeTarget section */
		9C06D9C520AED9A800A9CDE8 /* CoreDataSample */ = {
			isa = PBXNativeTarget;
			buildConfigurationList = 9C06D9F120AED9A900A9CDE8 /* Build configuration list for PBXNativeTarget "CoreDataSample" */;
			buildPhases = (
				9C06D9C220AED9A800A9CDE8 /* Sources */,
				9C06D9C320AED9A800A9CDE8 /* Frameworks */,
				9C06D9C420AED9A800A9CDE8 /* Resources */,
			);
			buildRules = (
			);
			dependencies = (
			);
			name = CoreDataSample;
			productName = CoreDataSample;
			productReference = 9C06D9C620AED9A800A9CDE8 /* CoreDataSample.app */;
			productType = "com.apple.product-type.application";
		};
		9C06D9DC20AED9A800A9CDE8 /* CoreDataSampleTests */ = {
			isa = PBXNativeTarget;
			buildConfigurationList = 9C06D9F420AED9A900A9CDE8 /* Build configuration list for PBXNativeTarget "CoreDataSampleTests" */;
			buildPhases = (
				9C06D9D920AED9A800A9CDE8 /* Sources */,
				9C06D9DA20AED9A800A9CDE8 /* Frameworks */,
				9C06D9DB20AED9A800A9CDE8 /* Resources */,
			);
			buildRules = (
			);
			dependencies = (
				9C06D9DF20AED9A800A9CDE8 /* PBXTargetDependency */,
			);
			name = CoreDataSampleTests;
			productName = CoreDataSampleTests;
			productReference = 9C06D9DD20AED9A800A9CDE8 /* CoreDataSampleTests.xctest */;
			productType = "com.apple.product-type.bundle.unit-test";
		};
		9C06D9E720AED9A900A9CDE8 /* CoreDataSampleUITests */ = {
			isa = PBXNativeTarget;
			buildConfigurationList = 9C06D9F720AED9A900A9CDE8 /* Build configuration list for PBXNativeTarget "CoreDataSampleUITests" */;
			buildPhases = (
				9C06D9E420AED9A900A9CDE8 /* Sources */,
				9C06D9E520AED9A900A9CDE8 /* Frameworks */,
				9C06D9E620AED9A900A9CDE8 /* Resources */,
			);
			buildRules = (
			);
			dependencies = (
				9C06D9EA20AED9A900A9CDE8 /* PBXTargetDependency */,
			);
			name = CoreDataSampleUITests;
			productName = CoreDataSampleUITests;
			productReference = 9C06D9E820AED9A900A9CDE8 /* CoreDataSampleUITests.xctest */;
			productType = "com.apple.product-type.bundle.ui-testing";
		};
/* End PBXNativeTarget section */

/* Begin PBXProject section */
		9C06D9BE20AED9A800A9CDE8 /* Project object */ = {
			isa = PBXProject;
			attributes = {
				LastSwiftUpdateCheck = 0920;
				LastUpgradeCheck = 0920;
				ORGANIZATIONNAME = "Epos Admin";
				TargetAttributes = {
					9C06D9C520AED9A800A9CDE8 = {
						CreatedOnToolsVersion = 9.2;
						ProvisioningStyle = Automatic;
					};
					9C06D9DC20AED9A800A9CDE8 = {
						CreatedOnToolsVersion = 9.2;
						ProvisioningStyle = Automatic;
						TestTargetID = 9C06D9C520AED9A800A9CDE8;
					};
					9C06D9E720AED9A900A9CDE8 = {
						CreatedOnToolsVersion = 9.2;
						ProvisioningStyle = Automatic;
						TestTargetID = 9C06D9C520AED9A800A9CDE8;
					};
				};
			};
			buildConfigurationList = 9C06D9C120AED9A800A9CDE8 /* Build configuration list for PBXProject "CoreDataSample" */;
			compatibilityVersion = "Xcode 8.0";
			developmentRegion = en;
			hasScannedForEncodings = 0;
			knownRegions = (
				en,
				Base,
			);
			mainGroup = 9C06D9BD20AED9A800A9CDE8;
			productRefGroup = 9C06D9C720AED9A800A9CDE8 /* Products */;
			projectDirPath = "";
			projectRoot = "";
			targets = (
				9C06D9C520AED9A800A9CDE8 /* CoreDataSample */,
				9C06D9DC20AED9A800A9CDE8 /* CoreDataSampleTests */,
				9C06D9E720AED9A900A9CDE8 /* CoreDataSampleUITests */,
			);
		};
/* End PBXProject section */

/* Begin PBXResourcesBuildPhase section */
		9C06D9C420AED9A800A9CDE8 /* Resources */ = {
			isa = PBXResourcesBuildPhase;
			buildActionMask = 2147483647;
			files = (
				9C06D9D720AED9A800A9CDE8 /* LaunchScreen.storyboard in Resources */,
				9C06D9D420AED9A800A9CDE8 /* Assets.xcassets in Resources */,
				9C06D9CF20AED9A800A9CDE8 /* Main.storyboard in Resources */,
			);
			runOnlyForDeploymentPostprocessing = 0;
		};
		9C06D9DB20AED9A800A9CDE8 /* Resources */ = {
			isa = PBXResourcesBuildPhase;
			buildActionMask = 2147483647;
			files = (
			);
			runOnlyForDeploymentPostprocessing = 0;
		};
		9C06D9E620AED9A900A9CDE8 /* Resources */ = {
			isa = PBXResourcesBuildPhase;
			buildActionMask = 2147483647;
			files = (
			);
			runOnlyForDeploymentPostprocessing = 0;
		};
/* End PBXResourcesBuildPhase section */

/* Begin PBXSourcesBuildPhase section */
		9C06D9C220AED9A800A9CDE8 /* Sources */ = {
			isa = PBXSourcesBuildPhase;
			buildActionMask = 2147483647;
			files = (
				9C06D9CC20AED9A800A9CDE8 /* ViewController.swift in Sources */,
				9C06D9D220AED9A800A9CDE8 /* CoreDataSample.xcdatamodeld in Sources */,
				9C06D9CA20AED9A800A9CDE8 /* AppDelegate.swift in Sources */,
				9C06D9FB20AEDB3700A9CDE8 /* AddEmpViewController.swift in Sources */,
				9C06D9FD20AEDF7D00A9CDE8 /* EmployeeCell.swift in Sources */,
			);
			runOnlyForDeploymentPostprocessing = 0;
		};
		9C06D9D920AED9A800A9CDE8 /* Sources */ = {
			isa = PBXSourcesBuildPhase;
			buildActionMask = 2147483647;
			files = (
				9C06D9E220AED9A900A9CDE8 /* CoreDataSampleTests.swift in Sources */,
			);
			runOnlyForDeploymentPostprocessing = 0;
		};
		9C06D9E420AED9A900A9CDE8 /* Sources */ = {
			isa = PBXSourcesBuildPhase;
			buildActionMask = 2147483647;
			files = (
				9C06D9ED20AED9A900A9CDE8 /* CoreDataSampleUITests.swift in Sources */,
			);
			runOnlyForDeploymentPostprocessing = 0;
		};
/* End PBXSourcesBuildPhase section */

/* Begin PBXTargetDependency section */
		9C06D9DF20AED9A800A9CDE8 /* PBXTargetDependency */ = {
			isa = PBXTargetDependency;
			target = 9C06D9C520AED9A800A9CDE8 /* CoreDataSample */;
			targetProxy = 9C06D9DE20AED9A800A9CDE8 /* PBXContainerItemProxy */;
		};
		9C06D9EA20AED9A900A9CDE8 /* PBXTargetDependency */ = {
			isa = PBXTargetDependency;
			target = 9C06D9C520AED9A800A9CDE8 /* CoreDataSample */;
			targetProxy = 9C06D9E920AED9A900A9CDE8 /* PBXContainerItemProxy */;
		};
/* End PBXTargetDependency section */

/* Begin PBXVariantGroup section */
		9C06D9CD20AED9A800A9CDE8 /* Main.storyboard */ = {
			isa = PBXVariantGroup;
			children = (
				9C06D9CE20AED9A800A9CDE8 /* Base */,
			);
			name = Main.storyboard;
			sourceTree = "<group>";
		};
		9C06D9D520AED9A800A9CDE8 /* LaunchScreen.storyboard */ = {
			isa = PBXVariantGroup;
			children = (
				9C06D9D620AED9A800A9CDE8 /* Base */,
			);
			name = LaunchScreen.storyboard;
			sourceTree = "<group>";
		};
/* End PBXVariantGroup section */

/* Begin XCBuildConfiguration section */
		9C06D9EF20AED9A900A9CDE8 /* Debug */ = {
			isa = XCBuildConfiguration;
			buildSettings = {
				ALWAYS_SEARCH_USER_PATHS = NO;
				CLANG_ANALYZER_NONNULL = YES;
				CLANG_ANALYZER_NUMBER_OBJECT_CONVERSION = YES_AGGRESSIVE;
				CLANG_CXX_LANGUAGE_STANDARD = "gnu++14";
				CLANG_CXX_LIBRARY = "libc++";
				CLANG_ENABLE_MODULES = YES;
				CLANG_ENABLE_OBJC_ARC = YES;
				CLANG_WARN_BLOCK_CAPTURE_AUTORELEASING = YES;
				CLANG_WARN_BOOL_CONVERSION = YES;
				CLANG_WARN_COMMA = YES;
				CLANG_WARN_CONSTANT_CONVERSION = YES;
				CLANG_WARN_DIRECT_OBJC_ISA_USAGE = YES_ERROR;
				CLANG_WARN_DOCUMENTATION_COMMENTS = YES;
				CLANG_WARN_EMPTY_BODY = YES;
				CLANG_WARN_ENUM_CONVERSION = YES;
				CLANG_WARN_INFINITE_RECURSION = YES;
				CLANG_WARN_INT_CONVERSION = YES;
				CLANG_WARN_NON_LITERAL_NULL_CONVERSION = YES;
				CLANG_WARN_OBJC_LITERAL_CONVERSION = YES;
				CLANG_WARN_OBJC_ROOT_CLASS = YES_ERROR;
				CLANG_WARN_RANGE_LOOP_ANALYSIS = YES;
				CLANG_WARN_STRICT_PROTOTYPES = YES;
				CLANG_WARN_SUSPICIOUS_MOVE = YES;
				CLANG_WARN_UNGUARDED_AVAILABILITY = YES_AGGRESSIVE;
				CLANG_WARN_UNREACHABLE_CODE = YES;
				CLANG_WARN__DUPLICATE_METHOD_MATCH = YES;
				CODE_SIGN_IDENTITY = "iPhone Developer";
				COPY_PHASE_STRIP = NO;
				DEBUG_INFORMATION_FORMAT = dwarf;
				ENABLE_STRICT_OBJC_MSGSEND = YES;
				ENABLE_TESTABILITY = YES;
				GCC_C_LANGUAGE_STANDARD = gnu11;
				GCC_DYNAMIC_NO_PIC = NO;
				GCC_NO_COMMON_BLOCKS = YES;
				GCC_OPTIMIZATION_LEVEL = 0;
				GCC_PREPROCESSOR_DEFINITIONS = (
					"DEBUG=1",
					"$(inherited)",
				);
				GCC_WARN_64_TO_32_BIT_CONVERSION = YES;
				GCC_WARN_ABOUT_RETURN_TYPE = YES_ERROR;
				GCC_WARN_UNDECLARED_SELECTOR = YES;
				GCC_WARN_UNINITIALIZED_AUTOS = YES_AGGRESSIVE;
				GCC_WARN_UNUSED_FUNCTION = YES;
				GCC_WARN_UNUSED_VARIABLE = YES;
				IPHONEOS_DEPLOYMENT_TARGET = 11.2;
				MTL_ENABLE_DEBUG_INFO = YES;
				ONLY_ACTIVE_ARCH = YES;
				SDKROOT = iphoneos;
				SWIFT_ACTIVE_COMPILATION_CONDITIONS = DEBUG;
				SWIFT_OPTIMIZATION_LEVEL = "-Onone";
			};
			name = Debug;
		};
		9C06D9F020AED9A900A9CDE8 /* Release */ = {
			isa = XCBuildConfiguration;
			buildSettings = {
				ALWAYS_SEARCH_USER_PATHS = NO;
				CLANG_ANALYZER_NONNULL = YES;
				CLANG_ANALYZER_NUMBER_OBJECT_CONVERSION = YES_AGGRESSIVE;
				CLANG_CXX_LANGUAGE_STANDARD = "gnu++14";
				CLANG_CXX_LIBRARY = "libc++";
				CLANG_ENABLE_MODULES = YES;
				CLANG_ENABLE_OBJC_ARC = YES;
				CLANG_WARN_BLOCK_CAPTURE_AUTORELEASING = YES;
				CLANG_WARN_BOOL_CONVERSION = YES;
				CLANG_WARN_COMMA = YES;
				CLANG_WARN_CONSTANT_CONVERSION = YES;
				CLANG_WARN_DIRECT_OBJC_ISA_USAGE = YES_ERROR;
				CLANG_WARN_DOCUMENTATION_COMMENTS = YES;
				CLANG_WARN_EMPTY_BODY = YES;
				CLANG_WARN_ENUM_CONVERSION = YES;
				CLANG_WARN_INFINITE_RECURSION = YES;
				CLANG_WARN_INT_CONVERSION = YES;
				CLANG_WARN_NON_LITERAL_NULL_CONVERSION = YES;
				CLANG_WARN_OBJC_LITERAL_CONVERSION = YES;
				CLANG_WARN_OBJC_ROOT_CLASS = YES_ERROR;
				CLANG_WARN_RANGE_LOOP_ANALYSIS = YES;
				CLANG_WARN_STRICT_PROTOTYPES = YES;
				CLANG_WARN_SUSPICIOUS_MOVE = YES;
				CLANG_WARN_UNGUARDED_AVAILABILITY = YES_AGGRESSIVE;
				CLANG_WARN_UNREACHABLE_CODE = YES;
				CLANG_WARN__DUPLICATE_METHOD_MATCH = YES;
				CODE_SIGN_IDENTITY = "iPhone Developer";
				COPY_PHASE_STRIP = NO;
				DEBUG_INFORMATION_FORMAT = "dwarf-with-dsym";
				ENABLE_NS_ASSERTIONS = NO;
				ENABLE_STRICT_OBJC_MSGSEND = YES;
				GCC_C_LANGUAGE_STANDARD = gnu11;
				GCC_NO_COMMON_BLOCKS = YES;
				GCC_WARN_64_TO_32_BIT_CONVERSION = YES;
				GCC_WARN_ABOUT_RETURN_TYPE = YES_ERROR;
				GCC_WARN_UNDECLARED_SELECTOR = YES;
				GCC_WARN_UNINITIALIZED_AUTOS = YES_AGGRESSIVE;
				GCC_WARN_UNUSED_FUNCTION = YES;
				GCC_WARN_UNUSED_VARIABLE = YES;
				IPHONEOS_DEPLOYMENT_TARGET = 11.2;
				MTL_ENABLE_DEBUG_INFO = NO;
				SDKROOT = iphoneos;
				SWIFT_OPTIMIZATION_LEVEL = "-Owholemodule";
				VALIDATE_PRODUCT = YES;
			};
			name = Release;
		};
		9C06D9F220AED9A900A9CDE8 /* Debug */ = {
			isa = XCBuildConfiguration;
			buildSettings = {
				ASSETCATALOG_COMPILER_APPICON_NAME = AppIcon;
				CODE_SIGN_STYLE = Automatic;
				INFOPLIST_FILE = CoreDataSample/Info.plist;
				LD_RUNPATH_SEARCH_PATHS = "$(inherited) @executable_path/Frameworks";
				PRODUCT_BUNDLE_IDENTIFIER = com.epose.CoreDataSample;
				PRODUCT_NAME = "$(TARGET_NAME)";
				SWIFT_VERSION = 4.0;
				TARGETED_DEVICE_FAMILY = "1,2";
			};
			name = Debug;
		};
		9C06D9F320AED9A900A9CDE8 /* Release */ = {
			isa = XCBuildConfiguration;
			buildSettings = {
				ASSETCATALOG_COMPILER_APPICON_NAME = AppIcon;
				CODE_SIGN_STYLE = Automatic;
				INFOPLIST_FILE = CoreDataSample/Info.plist;
				LD_RUNPATH_SEARCH_PATHS = "$(inherited) @executable_path/Frameworks";
				PRODUCT_BUNDLE_IDENTIFIER = com.epose.CoreDataSample;
				PRODUCT_NAME = "$(TARGET_NAME)";
				SWIFT_VERSION = 4.0;
				TARGETED_DEVICE_FAMILY = "1,2";
			};
			name = Release;
		};
		9C06D9F520AED9A900A9CDE8 /* Debug */ = {
			isa = XCBuildConfiguration;
			buildSettings = {
				ALWAYS_EMBED_SWIFT_STANDARD_LIBRARIES = YES;
				BUNDLE_LOADER = "$(TEST_HOST)";
				CODE_SIGN_STYLE = Automatic;
				INFOPLIST_FILE = CoreDataSampleTests/Info.plist;
				LD_RUNPATH_SEARCH_PATHS = "$(inherited) @executable_path/Frameworks @loader_path/Frameworks";
				PRODUCT_BUNDLE_IDENTIFIER = com.epose.CoreDataSampleTests;
				PRODUCT_NAME = "$(TARGET_NAME)";
				SWIFT_VERSION = 4.0;
				TARGETED_DEVICE_FAMILY = "1,2";
				TEST_HOST = "$(BUILT_PRODUCTS_DIR)/CoreDataSample.app/CoreDataSample";
			};
			name = Debug;
		};
		9C06D9F620AED9A900A9CDE8 /* Release */ = {
			isa = XCBuildConfiguration;
			buildSettings = {
				ALWAYS_EMBED_SWIFT_STANDARD_LIBRARIES = YES;
				BUNDLE_LOADER = "$(TEST_HOST)";
				CODE_SIGN_STYLE = Automatic;
				INFOPLIST_FILE = CoreDataSampleTests/Info.plist;
				LD_RUNPATH_SEARCH_PATHS = "$(inherited) @executable_path/Frameworks @loader_path/Frameworks";
				PRODUCT_BUNDLE_IDENTIFIER = com.epose.CoreDataSampleTests;
				PRODUCT_NAME = "$(TARGET_NAME)";
				SWIFT_VERSION = 4.0;
				TARGETED_DEVICE_FAMILY = "1,2";
				TEST_HOST = "$(BUILT_PRODUCTS_DIR)/CoreDataSample.app/CoreDataSample";
			};
			name = Release;
		};
		9C06D9F820AED9A900A9CDE8 /* Debug */ = {
			isa = XCBuildConfiguration;
			buildSettings = {
				ALWAYS_EMBED_SWIFT_STANDARD_LIBRARIES = YES;
				CODE_SIGN_STYLE = Automatic;
				INFOPLIST_FILE = CoreDataSampleUITests/Info.plist;
				LD_RUNPATH_SEARCH_PATHS = "$(inherited) @executable_path/Frameworks @loader_path/Frameworks";
				PRODUCT_BUNDLE_IDENTIFIER = com.epose.CoreDataSampleUITests;
				PRODUCT_NAME = "$(TARGET_NAME)";
				SWIFT_VERSION = 4.0;
				TARGETED_DEVICE_FAMILY = "1,2";
				TEST_TARGET_NAME = CoreDataSample;
			};
			name = Debug;
		};
		9C06D9F920AED9A900A9CDE8 /* Release */ = {
			isa = XCBuildConfiguration;
			buildSettings = {
				ALWAYS_EMBED_SWIFT_STANDARD_LIBRARIES = YES;
				CODE_SIGN_STYLE = Automatic;
				INFOPLIST_FILE = CoreDataSampleUITests/Info.plist;
				LD_RUNPATH_SEARCH_PATHS = "$(inherited) @executable_path/Frameworks @loader_path/Frameworks";
				PRODUCT_BUNDLE_IDENTIFIER = com.epose.CoreDataSampleUITests;
				PRODUCT_NAME = "$(TARGET_NAME)";
				SWIFT_VERSION = 4.0;
				TARGETED_DEVICE_FAMILY = "1,2";
				TEST_TARGET_NAME = CoreDataSample;
			};
			name = Release;
		};
/* End XCBuildConfiguration section */

/* Begin XCConfigurationList section */
		9C06D9C120AED9A800A9CDE8 /* Build configuration list for PBXProject "CoreDataSample" */ = {
			isa = XCConfigurationList;
			buildConfigurations = (
				9C06D9EF20AED9A900A9CDE8 /* Debug */,
				9C06D9F020AED9A900A9CDE8 /* Release */,
			);
			defaultConfigurationIsVisible = 0;
			defaultConfigurationName = Release;
		};
		9C06D9F120AED9A900A9CDE8 /* Build configuration list for PBXNativeTarget "CoreDataSample" */ = {
			isa = XCConfigurationList;
			buildConfigurations = (
				9C06D9F220AED9A900A9CDE8 /* Debug */,
				9C06D9F320AED9A900A9CDE8 /* Release */,
			);
			defaultConfigurationIsVisible = 0;
			defaultConfigurationName = Release;
		};
		9C06D9F420AED9A900A9CDE8 /* Build configuration list for PBXNativeTarget "CoreDataSampleTests" */ = {
			isa = XCConfigurationList;
			buildConfigurations = (
				9C06D9F520AED9A900A9CDE8 /* Debug */,
				9C06D9F620AED9A900A9CDE8 /* Release */,
			);
			defaultConfigurationIsVisible = 0;
			defaultConfigurationName = Release;
		};
		9C06D9F720AED9A900A9CDE8 /* Build configuration list for PBXNativeTarget "CoreDataSampleUITests" */ = {
			isa = XCConfigurationList;
			buildConfigurations = (
				9C06D9F820AED9A900A9CDE8 /* Debug */,
				9C06D9F920AED9A900A9CDE8 /* Release */,
			);
			defaultConfigurationIsVisible = 0;
			defaultConfigurationName = Release;
		};
/* End XCConfigurationList section */

/* Begin XCVersionGroup section */
		9C06D9D020AED9A800A9CDE8 /* CoreDataSample.xcdatamodeld */ = {
			isa = XCVersionGroup;
			children = (
				9C06D9D120AED9A800A9CDE8 /* CoreDataSample.xcdatamodel */,
			);
			currentVersion = 9C06D9D120AED9A800A9CDE8 /* CoreDataSample.xcdatamodel */;
			path = CoreDataSample.xcdatamodeld;
			sourceTree = "<group>";
			versionGroupType = wrapper.xcdatamodel;
		};
/* End XCVersionGroup section */
	};
	rootObject = 9C06D9BE20AED9A800A9CDE8 /* Project object */;
}
